
Microsoft Visual Studio Solution File, Format Version 12.00
# Visual Studio Version 17
VisualStudioVersion = 17.10.35013.160
MinimumVisualStudioVersion = 10.0.40219.1
Project("{FAE04EC0-301F-11D3-BF4B-00C04F79EFBC}") = "JokenPo", "JokenPo\JokenPo.csproj", "{7B4040F4-565C-44EE-912A-253CD7673C03}"
EndProject
Global
	GlobalSection(SolutionConfigurationPlatforms) = preSolution
		Debug|Any CPU = Debug|Any CPU
		Release|Any CPU = Release|Any CPU
	EndGlobalSection
	GlobalSection(ProjectConfigurationPlatforms) = postSolution
		{7B4040F4-565C-44EE-912A-253CD7673C03}.Debug|Any CPU.ActiveCfg = Debug|Any CPU
		{7B4040F4-565C-44EE-912A-253CD7673C03}.Debug|Any CPU.Build.0 = Debug|Any CPU
		{7B4040F4-565C-44EE-912A-253CD7673C03}.Release|Any CPU.ActiveCfg = Release|Any CPU
		{7B4040F4-565C-44EE-912A-253CD7673C03}.Release|Any CPU.Build.0 = Release|Any CPU
	EndGlobalSection
	GlobalSection(SolutionProperties) = preSolution
		HideSolutionNode = FALSE
	EndGlobalSection
	GlobalSection(ExtensibilityGlobals) = postSolution
		SolutionGuid = {64FACBE6-403A-4D7C-9452-A23E5F4CBA89}
	EndGlobalSection
EndGlobal
